
Microsoft Visual Studio Solution File, Format Version 12.00
# Visual Studio Version 17
VisualStudioVersion = 17.1.32407.343
MinimumVisualStudioVersion = 10.0.40219.1
Project("{FAE04EC0-301F-11D3-BF4B-00C04F79EFBC}") = "Pawnshop", "Pawnshop\Pawnshop.csproj", "{DFB94976-0488-4B61-A87A-4BB128B1BF0E}"
EndProject
Global
	GlobalSection(SolutionConfigurationPlatforms) = preSolution
		Debug|Any CPU = Debug|Any CPU
		Release|Any CPU = Release|Any CPU
	EndGlobalSection
	GlobalSection(ProjectConfigurationPlatforms) = postSolution
		{DFB94976-0488-4B61-A87A-4BB128B1BF0E}.Debug|Any CPU.ActiveCfg = Debug|Any CPU
		{DFB94976-0488-4B61-A87A-4BB128B1BF0E}.Debug|Any CPU.Build.0 = Debug|Any CPU
		{DFB94976-0488-4B61-A87A-4BB128B1BF0E}.Release|Any CPU.ActiveCfg = Release|Any CPU
		{DFB94976-0488-4B61-A87A-4BB128B1BF0E}.Release|Any CPU.Build.0 = Release|Any CPU
	EndGlobalSection
	GlobalSection(SolutionProperties) = preSolution
		HideSolutionNode = FALSE
	EndGlobalSection
	GlobalSection(ExtensibilityGlobals) = postSolution
		SolutionGuid = {0E448B63-7D57-40D3-BFEE-DB28D36250FC}
	EndGlobalSection
EndGlobal
